
Microsoft Visual Studio Solution File, Format Version 12.00
# Visual Studio Version 16
VisualStudioVersion = 16.0.30002.166
MinimumVisualStudioVersion = 10.0.40219.1
Project("{FAE04EC0-301F-11D3-BF4B-00C04F79EFBC}") = "SpfBlazorDemo", "SpfBlazorDemo\SpfBlazorDemo.csproj", "{4DB53A25-A9AD-4321-8ABE-C54DFC612F68}"
EndProject
Global
	GlobalSection(SolutionConfigurationPlatforms) = preSolution
		Debug|Any CPU = Debug|Any CPU
		Release|Any CPU = Release|Any CPU
	EndGlobalSection
	GlobalSection(ProjectConfigurationPlatforms) = postSolution
		{4DB53A25-A9AD-4321-8ABE-C54DFC612F68}.Debug|Any CPU.ActiveCfg = Debug|Any CPU
		{4DB53A25-A9AD-4321-8ABE-C54DFC612F68}.Debug|Any CPU.Build.0 = Debug|Any CPU
		{4DB53A25-A9AD-4321-8ABE-C54DFC612F68}.Release|Any CPU.ActiveCfg = Release|Any CPU
		{4DB53A25-A9AD-4321-8ABE-C54DFC612F68}.Release|Any CPU.Build.0 = Release|Any CPU
	EndGlobalSection
	GlobalSection(SolutionProperties) = preSolution
		HideSolutionNode = FALSE
	EndGlobalSection
	GlobalSection(ExtensibilityGlobals) = postSolution
		SolutionGuid = {4DF78DAF-8481-43A3-9E90-6D54AE3C94D1}
	EndGlobalSection
EndGlobal
